// !$*UTF8*$!
{
	archiveVersion = 1;
	classes = {
	};
	objectVersion = 56;
	objects = {

/* Begin PBXBuildFile section */
		014707762C4120E6008443AD /* Arti_v2App.swift in Sources */ = {isa = PBXBuildFile; fileRef = 014707752C4120E6008443AD /* Arti_v2App.swift */; };
		014707782C4120E6008443AD /* MainTabView.swift in Sources */ = {isa = PBXBuildFile; fileRef = 014707772C4120E6008443AD /* MainTabView.swift */; };
		0147077A2C4120E7008443AD /* Assets.xcassets in Resources */ = {isa = PBXBuildFile; fileRef = 014707792C4120E7008443AD /* Assets.xcassets */; };
		0147077D2C4120E7008443AD /* Preview Assets.xcassets in Resources */ = {isa = PBXBuildFile; fileRef = 0147077C2C4120E7008443AD /* Preview Assets.xcassets */; };
		0147078A2C4120F7008443AD /* KeyboardViewController.swift in Sources */ = {isa = PBXBuildFile; fileRef = 014707892C4120F7008443AD /* KeyboardViewController.swift */; };
		0147078E2C4120F7008443AD /* Keyboard.appex in Embed Foundation Extensions */ = {isa = PBXBuildFile; fileRef = 014707872C4120F7008443AD /* Keyboard.appex */; settings = {ATTRIBUTES = (RemoveHeadersOnCopy, ); }; };
		014707972C412142008443AD /* OpenAIService.swift in Sources */ = {isa = PBXBuildFile; fileRef = 014707962C412142008443AD /* OpenAIService.swift */; };
		0147079A2C412150008443AD /* TranslateView.swift in Sources */ = {isa = PBXBuildFile; fileRef = 014707992C412150008443AD /* TranslateView.swift */; };
		0147079C2C412158008443AD /* TranslateViewModel.swift in Sources */ = {isa = PBXBuildFile; fileRef = 0147079B2C412158008443AD /* TranslateViewModel.swift */; };
		014707A22C412198008443AD /* Extension+UIView.swift in Sources */ = {isa = PBXBuildFile; fileRef = 014707A12C412198008443AD /* Extension+UIView.swift */; };
		014707A42C41219D008443AD /* KeyboardView.swift in Sources */ = {isa = PBXBuildFile; fileRef = 014707A32C41219D008443AD /* KeyboardView.swift */; };
		014707A62C4121A2008443AD /* KeyboardViewModel.swift in Sources */ = {isa = PBXBuildFile; fileRef = 014707A52C4121A2008443AD /* KeyboardViewModel.swift */; };
		014707A82C4121A9008443AD /* OpenAIService.swift in Sources */ = {isa = PBXBuildFile; fileRef = 014707A72C4121A9008443AD /* OpenAIService.swift */; };
		014707AB2C412228008443AD /* LocalizedString.swift in Sources */ = {isa = PBXBuildFile; fileRef = 014707AA2C412228008443AD /* LocalizedString.swift */; };
		014707B52C412BE3008443AD /* SECRETS.swift in Sources */ = {isa = PBXBuildFile; fileRef = 014707B42C412BE3008443AD /* SECRETS.swift */; };
		014707B72C412BF0008443AD /* SECRETS.swift in Sources */ = {isa = PBXBuildFile; fileRef = 014707B62C412BF0008443AD /* SECRETS.swift */; };
		014707B92C412CF8008443AD /* LocalizedLanguage.swift in Sources */ = {isa = PBXBuildFile; fileRef = 014707B82C412CF8008443AD /* LocalizedLanguage.swift */; };
		014707BC2C41561C008443AD /* ChatBotView.swift in Sources */ = {isa = PBXBuildFile; fileRef = 014707BB2C41561C008443AD /* ChatBotView.swift */; };
		014707BE2C415623008443AD /* ChatBotViewModel.swift in Sources */ = {isa = PBXBuildFile; fileRef = 014707BD2C415623008443AD /* ChatBotViewModel.swift */; };
/* End PBXBuildFile section */

/* Begin PBXContainerItemProxy section */
		0147078C2C4120F7008443AD /* PBXContainerItemProxy */ = {
			isa = PBXContainerItemProxy;
			containerPortal = 0147076A2C4120E6008443AD /* Project object */;
			proxyType = 1;
			remoteGlobalIDString = 014707862C4120F7008443AD;
			remoteInfo = Keyboard;
		};
/* End PBXContainerItemProxy section */

/* Begin PBXCopyFilesBuildPhase section */
		014707922C4120F7008443AD /* Embed Foundation Extensions */ = {
			isa = PBXCopyFilesBuildPhase;
			buildActionMask = 2147483647;
			dstPath = "";
			dstSubfolderSpec = 13;
			files = (
				0147078E2C4120F7008443AD /* Keyboard.appex in Embed Foundation Extensions */,
			);
			name = "Embed Foundation Extensions";
			runOnlyForDeploymentPostprocessing = 0;
		};
/* End PBXCopyFilesBuildPhase section */

/* Begin PBXFileReference section */
		014707722C4120E6008443AD /* Arti-v2.app */ = {isa = PBXFileReference; explicitFileType = wrapper.application; includeInIndex = 0; path = "Arti-v2.app"; sourceTree = BUILT_PRODUCTS_DIR; };
		014707752C4120E6008443AD /* Arti_v2App.swift */ = {isa = PBXFileReference; lastKnownFileType = sourcecode.swift; path = Arti_v2App.swift; sourceTree = "<group>"; };
		014707772C4120E6008443AD /* MainTabView.swift */ = {isa = PBXFileReference; lastKnownFileType = sourcecode.swift; path = MainTabView.swift; sourceTree = "<group>"; };
		014707792C4120E7008443AD /* Assets.xcassets */ = {isa = PBXFileReference; lastKnownFileType = folder.assetcatalog; path = Assets.xcassets; sourceTree = "<group>"; };
		0147077C2C4120E7008443AD /* Preview Assets.xcassets */ = {isa = PBXFileReference; lastKnownFileType = folder.assetcatalog; path = "Preview Assets.xcassets"; sourceTree = "<group>"; };
		014707872C4120F7008443AD /* Keyboard.appex */ = {isa = PBXFileReference; explicitFileType = "wrapper.app-extension"; includeInIndex = 0; path = Keyboard.appex; sourceTree = BUILT_PRODUCTS_DIR; };
		014707892C4120F7008443AD /* KeyboardViewController.swift */ = {isa = PBXFileReference; lastKnownFileType = sourcecode.swift; path = KeyboardViewController.swift; sourceTree = "<group>"; };
		0147078B2C4120F7008443AD /* Info.plist */ = {isa = PBXFileReference; lastKnownFileType = text.plist.xml; path = Info.plist; sourceTree = "<group>"; };
		014707962C412142008443AD /* OpenAIService.swift */ = {isa = PBXFileReference; lastKnownFileType = sourcecode.swift; path = OpenAIService.swift; sourceTree = "<group>"; };
		014707992C412150008443AD /* TranslateView.swift */ = {isa = PBXFileReference; lastKnownFileType = sourcecode.swift; path = TranslateView.swift; sourceTree = "<group>"; };
		0147079B2C412158008443AD /* TranslateViewModel.swift */ = {isa = PBXFileReference; lastKnownFileType = sourcecode.swift; path = TranslateViewModel.swift; sourceTree = "<group>"; };
		014707A12C412198008443AD /* Extension+UIView.swift */ = {isa = PBXFileReference; lastKnownFileType = sourcecode.swift; path = "Extension+UIView.swift"; sourceTree = "<group>"; };
		014707A32C41219D008443AD /* KeyboardView.swift */ = {isa = PBXFileReference; lastKnownFileType = sourcecode.swift; path = KeyboardView.swift; sourceTree = "<group>"; };
		014707A52C4121A2008443AD /* KeyboardViewModel.swift */ = {isa = PBXFileReference; lastKnownFileType = sourcecode.swift; path = KeyboardViewModel.swift; sourceTree = "<group>"; };
		014707A72C4121A9008443AD /* OpenAIService.swift */ = {isa = PBXFileReference; lastKnownFileType = sourcecode.swift; path = OpenAIService.swift; sourceTree = "<group>"; };
		014707AA2C412228008443AD /* LocalizedString.swift */ = {isa = PBXFileReference; lastKnownFileType = sourcecode.swift; path = LocalizedString.swift; sourceTree = "<group>"; };
		014707AF2C4125D3008443AD /* Info.plist */ = {isa = PBXFileReference; lastKnownFileType = text.plist; path = Info.plist; sourceTree = "<group>"; };
		014707B42C412BE3008443AD /* SECRETS.swift */ = {isa = PBXFileReference; lastKnownFileType = sourcecode.swift; name = SECRETS.swift; path = "Arti-v2/SECRETS.swift"; sourceTree = SOURCE_ROOT; };
		014707B62C412BF0008443AD /* SECRETS.swift */ = {isa = PBXFileReference; lastKnownFileType = sourcecode.swift; name = SECRETS.swift; path = Keyboard/SECRETS.swift; sourceTree = SOURCE_ROOT; };
		014707B82C412CF8008443AD /* LocalizedLanguage.swift */ = {isa = PBXFileReference; lastKnownFileType = sourcecode.swift; path = LocalizedLanguage.swift; sourceTree = "<group>"; };
		014707BB2C41561C008443AD /* ChatBotView.swift */ = {isa = PBXFileReference; lastKnownFileType = sourcecode.swift; path = ChatBotView.swift; sourceTree = "<group>"; };
		014707BD2C415623008443AD /* ChatBotViewModel.swift */ = {isa = PBXFileReference; lastKnownFileType = sourcecode.swift; path = ChatBotViewModel.swift; sourceTree = "<group>"; };
/* End PBXFileReference section */

/* Begin PBXFrameworksBuildPhase section */
		0147076F2C4120E6008443AD /* Frameworks */ = {
			isa = PBXFrameworksBuildPhase;
			buildActionMask = 2147483647;
			files = (
			);
			runOnlyForDeploymentPostprocessing = 0;
		};
		014707842C4120F7008443AD /* Frameworks */ = {
			isa = PBXFrameworksBuildPhase;
			buildActionMask = 2147483647;
			files = (
			);
			runOnlyForDeploymentPostprocessing = 0;
		};
/* End PBXFrameworksBuildPhase section */

/* Begin PBXGroup section */
		014707692C4120E6008443AD = {
			isa = PBXGroup;
			children = (
				014707742C4120E6008443AD /* Arti-v2 */,
				014707882C4120F7008443AD /* Keyboard */,
				014707732C4120E6008443AD /* Products */,
			);
			sourceTree = "<group>";
		};
		014707732C4120E6008443AD /* Products */ = {
			isa = PBXGroup;
			children = (
				014707722C4120E6008443AD /* Arti-v2.app */,
				014707872C4120F7008443AD /* Keyboard.appex */,
			);
			name = Products;
			sourceTree = "<group>";
		};
		014707742C4120E6008443AD /* Arti-v2 */ = {
			isa = PBXGroup;
			children = (
				014707AF2C4125D3008443AD /* Info.plist */,
				0147079D2C41215E008443AD /* SECRETS */,
				014707A92C4121D1008443AD /* Helpers */,
				014707952C412134008443AD /* Features */,
				014707932C412128008443AD /* Services */,
				014707752C4120E6008443AD /* Arti_v2App.swift */,
				014707772C4120E6008443AD /* MainTabView.swift */,
				014707792C4120E7008443AD /* Assets.xcassets */,
				0147077B2C4120E7008443AD /* Preview Content */,
			);
			path = "Arti-v2";
			sourceTree = "<group>";
		};
		0147077B2C4120E7008443AD /* Preview Content */ = {
			isa = PBXGroup;
			children = (
				0147077C2C4120E7008443AD /* Preview Assets.xcassets */,
			);
			path = "Preview Content";
			sourceTree = "<group>";
		};
		014707882C4120F7008443AD /* Keyboard */ = {
			isa = PBXGroup;
			children = (
				014707AC2C41245B008443AD /* SECRETS */,
				014707892C4120F7008443AD /* KeyboardViewController.swift */,
				014707B82C412CF8008443AD /* LocalizedLanguage.swift */,
				014707A32C41219D008443AD /* KeyboardView.swift */,
				014707A52C4121A2008443AD /* KeyboardViewModel.swift */,
				014707A72C4121A9008443AD /* OpenAIService.swift */,
				014707A12C412198008443AD /* Extension+UIView.swift */,
				0147078B2C4120F7008443AD /* Info.plist */,
			);
			path = Keyboard;
			sourceTree = "<group>";
		};
		014707932C412128008443AD /* Services */ = {
			isa = PBXGroup;
			children = (
				014707962C412142008443AD /* OpenAIService.swift */,
			);
			path = Services;
			sourceTree = "<group>";
		};
		014707952C412134008443AD /* Features */ = {
			isa = PBXGroup;
			children = (
				014707BA2C415603008443AD /* ChatBot */,
				014707982C412147008443AD /* Translate */,
			);
			path = Features;
			sourceTree = "<group>";
		};
		014707982C412147008443AD /* Translate */ = {
			isa = PBXGroup;
			children = (
				014707992C412150008443AD /* TranslateView.swift */,
				0147079B2C412158008443AD /* TranslateViewModel.swift */,
			);
			path = Translate;
			sourceTree = "<group>";
		};
		0147079D2C41215E008443AD /* SECRETS */ = {
			isa = PBXGroup;
			children = (
				014707B42C412BE3008443AD /* SECRETS.swift */,
			);
			path = SECRETS;
			sourceTree = "<group>";
		};
		014707A92C4121D1008443AD /* Helpers */ = {
			isa = PBXGroup;
			children = (
				014707AA2C412228008443AD /* LocalizedString.swift */,
			);
			path = Helpers;
			sourceTree = "<group>";
		};
		014707AC2C41245B008443AD /* SECRETS */ = {
			isa = PBXGroup;
			children = (
				014707B62C412BF0008443AD /* SECRETS.swift */,
			);
			path = SECRETS;
			sourceTree = "<group>";
		};
		014707BA2C415603008443AD /* ChatBot */ = {
			isa = PBXGroup;
			children = (
				014707BB2C41561C008443AD /* ChatBotView.swift */,
				014707BD2C415623008443AD /* ChatBotViewModel.swift */,
			);
			path = ChatBot;
			sourceTree = "<group>";
		};
/* End PBXGroup section */

/* Begin PBXNativeTarget section */
		014707712C4120E6008443AD /* Arti-v2 */ = {
			isa = PBXNativeTarget;
			buildConfigurationList = 014707802C4120E7008443AD /* Build configuration list for PBXNativeTarget "Arti-v2" */;
			buildPhases = (
				0147076E2C4120E6008443AD /* Sources */,
				0147076F2C4120E6008443AD /* Frameworks */,
				014707702C4120E6008443AD /* Resources */,
				014707922C4120F7008443AD /* Embed Foundation Extensions */,
			);
			buildRules = (
			);
			dependencies = (
				0147078D2C4120F7008443AD /* PBXTargetDependency */,
			);
			name = "Arti-v2";
			productName = "Arti-v2";
			productReference = 014707722C4120E6008443AD /* Arti-v2.app */;
			productType = "com.apple.product-type.application";
		};
		014707862C4120F7008443AD /* Keyboard */ = {
			isa = PBXNativeTarget;
			buildConfigurationList = 0147078F2C4120F7008443AD /* Build configuration list for PBXNativeTarget "Keyboard" */;
			buildPhases = (
				014707832C4120F7008443AD /* Sources */,
				014707842C4120F7008443AD /* Frameworks */,
				014707852C4120F7008443AD /* Resources */,
			);
			buildRules = (
			);
			dependencies = (
			);
			name = Keyboard;
			productName = Keyboard;
			productReference = 014707872C4120F7008443AD /* Keyboard.appex */;
			productType = "com.apple.product-type.app-extension";
		};
/* End PBXNativeTarget section */

/* Begin PBXProject section */
		0147076A2C4120E6008443AD /* Project object */ = {
			isa = PBXProject;
			attributes = {
				BuildIndependentTargetsInParallel = 1;
				LastSwiftUpdateCheck = 1520;
				LastUpgradeCheck = 1520;
				TargetAttributes = {
					014707712C4120E6008443AD = {
						CreatedOnToolsVersion = 15.2;
					};
					014707862C4120F7008443AD = {
						CreatedOnToolsVersion = 15.2;
					};
				};
			};
			buildConfigurationList = 0147076D2C4120E6008443AD /* Build configuration list for PBXProject "Arti-v2" */;
			compatibilityVersion = "Xcode 14.0";
			developmentRegion = en;
			hasScannedForEncodings = 0;
			knownRegions = (
				en,
				Base,
			);
			mainGroup = 014707692C4120E6008443AD;
			productRefGroup = 014707732C4120E6008443AD /* Products */;
			projectDirPath = "";
			projectRoot = "";
			targets = (
				014707712C4120E6008443AD /* Arti-v2 */,
				014707862C4120F7008443AD /* Keyboard */,
			);
		};
/* End PBXProject section */

/* Begin PBXResourcesBuildPhase section */
		014707702C4120E6008443AD /* Resources */ = {
			isa = PBXResourcesBuildPhase;
			buildActionMask = 2147483647;
			files = (
				0147077D2C4120E7008443AD /* Preview Assets.xcassets in Resources */,
				0147077A2C4120E7008443AD /* Assets.xcassets in Resources */,
			);
			runOnlyForDeploymentPostprocessing = 0;
		};
		014707852C4120F7008443AD /* Resources */ = {
			isa = PBXResourcesBuildPhase;
			buildActionMask = 2147483647;
			files = (
			);
			runOnlyForDeploymentPostprocessing = 0;
		};
/* End PBXResourcesBuildPhase section */

/* Begin PBXSourcesBuildPhase section */
		0147076E2C4120E6008443AD /* Sources */ = {
			isa = PBXSourcesBuildPhase;
			buildActionMask = 2147483647;
			files = (
				014707972C412142008443AD /* OpenAIService.swift in Sources */,
				014707BE2C415623008443AD /* ChatBotViewModel.swift in Sources */,
				014707B52C412BE3008443AD /* SECRETS.swift in Sources */,
				014707782C4120E6008443AD /* MainTabView.swift in Sources */,
				014707762C4120E6008443AD /* Arti_v2App.swift in Sources */,
				014707BC2C41561C008443AD /* ChatBotView.swift in Sources */,
				014707AB2C412228008443AD /* LocalizedString.swift in Sources */,
				0147079A2C412150008443AD /* TranslateView.swift in Sources */,
				0147079C2C412158008443AD /* TranslateViewModel.swift in Sources */,
			);
			runOnlyForDeploymentPostprocessing = 0;
		};
		014707832C4120F7008443AD /* Sources */ = {
			isa = PBXSourcesBuildPhase;
			buildActionMask = 2147483647;
			files = (
				014707A42C41219D008443AD /* KeyboardView.swift in Sources */,
				014707A22C412198008443AD /* Extension+UIView.swift in Sources */,
				014707A82C4121A9008443AD /* OpenAIService.swift in Sources */,
				014707B72C412BF0008443AD /* SECRETS.swift in Sources */,
				0147078A2C4120F7008443AD /* KeyboardViewController.swift in Sources */,
				014707B92C412CF8008443AD /* LocalizedLanguage.swift in Sources */,
				014707A62C4121A2008443AD /* KeyboardViewModel.swift in Sources */,
			);
			runOnlyForDeploymentPostprocessing = 0;
		};
/* End PBXSourcesBuildPhase section */

/* Begin PBXTargetDependency section */
		0147078D2C4120F7008443AD /* PBXTargetDependency */ = {
			isa = PBXTargetDependency;
			target = 014707862C4120F7008443AD /* Keyboard */;
			targetProxy = 0147078C2C4120F7008443AD /* PBXContainerItemProxy */;
		};
/* End PBXTargetDependency section */

/* Begin XCBuildConfiguration section */
		0147077E2C4120E7008443AD /* Debug */ = {
			isa = XCBuildConfiguration;
			buildSettings = {
				ALWAYS_SEARCH_USER_PATHS = NO;
				ASSETCATALOG_COMPILER_GENERATE_SWIFT_ASSET_SYMBOL_EXTENSIONS = YES;
				CLANG_ANALYZER_NONNULL = YES;
				CLANG_ANALYZER_NUMBER_OBJECT_CONVERSION = YES_AGGRESSIVE;
				CLANG_CXX_LANGUAGE_STANDARD = "gnu++20";
				CLANG_ENABLE_MODULES = YES;
				CLANG_ENABLE_OBJC_ARC = YES;
				CLANG_ENABLE_OBJC_WEAK = YES;
				CLANG_WARN_BLOCK_CAPTURE_AUTORELEASING = YES;
				CLANG_WARN_BOOL_CONVERSION = YES;
				CLANG_WARN_COMMA = YES;
				CLANG_WARN_CONSTANT_CONVERSION = YES;
				CLANG_WARN_DEPRECATED_OBJC_IMPLEMENTATIONS = YES;
				CLANG_WARN_DIRECT_OBJC_ISA_USAGE = YES_ERROR;
				CLANG_WARN_DOCUMENTATION_COMMENTS = YES;
				CLANG_WARN_EMPTY_BODY = YES;
				CLANG_WARN_ENUM_CONVERSION = YES;
				CLANG_WARN_INFINITE_RECURSION = YES;
				CLANG_WARN_INT_CONVERSION = YES;
				CLANG_WARN_NON_LITERAL_NULL_CONVERSION = YES;
				CLANG_WARN_OBJC_IMPLICIT_RETAIN_SELF = YES;
				CLANG_WARN_OBJC_LITERAL_CONVERSION = YES;
				CLANG_WARN_OBJC_ROOT_CLASS = YES_ERROR;
				CLANG_WARN_QUOTED_INCLUDE_IN_FRAMEWORK_HEADER = YES;
				CLANG_WARN_RANGE_LOOP_ANALYSIS = YES;
				CLANG_WARN_STRICT_PROTOTYPES = YES;
				CLANG_WARN_SUSPICIOUS_MOVE = YES;
				CLANG_WARN_UNGUARDED_AVAILABILITY = YES_AGGRESSIVE;
				CLANG_WARN_UNREACHABLE_CODE = YES;
				CLANG_WARN__DUPLICATE_METHOD_MATCH = YES;
				COPY_PHASE_STRIP = NO;
				DEBUG_INFORMATION_FORMAT = dwarf;
				ENABLE_STRICT_OBJC_MSGSEND = YES;
				ENABLE_TESTABILITY = YES;
				ENABLE_USER_SCRIPT_SANDBOXING = YES;
				GCC_C_LANGUAGE_STANDARD = gnu17;
				GCC_DYNAMIC_NO_PIC = NO;
				GCC_NO_COMMON_BLOCKS = YES;
				GCC_OPTIMIZATION_LEVEL = 0;
				GCC_PREPROCESSOR_DEFINITIONS = (
					"DEBUG=1",
					"$(inherited)",
				);
				GCC_WARN_64_TO_32_BIT_CONVERSION = YES;
				GCC_WARN_ABOUT_RETURN_TYPE = YES_ERROR;
				GCC_WARN_UNDECLARED_SELECTOR = YES;
				GCC_WARN_UNINITIALIZED_AUTOS = YES_AGGRESSIVE;
				GCC_WARN_UNUSED_FUNCTION = YES;
				GCC_WARN_UNUSED_VARIABLE = YES;
				IPHONEOS_DEPLOYMENT_TARGET = 17.2;
				LOCALIZATION_PREFERS_STRING_CATALOGS = YES;
				MTL_ENABLE_DEBUG_INFO = INCLUDE_SOURCE;
				MTL_FAST_MATH = YES;
				ONLY_ACTIVE_ARCH = YES;
				SDKROOT = iphoneos;
				SWIFT_ACTIVE_COMPILATION_CONDITIONS = "DEBUG $(inherited)";
				SWIFT_OPTIMIZATION_LEVEL = "-Onone";
			};
			name = Debug;
		};
		0147077F2C4120E7008443AD /* Release */ = {
			isa = XCBuildConfiguration;
			buildSettings = {
				ALWAYS_SEARCH_USER_PATHS = NO;
				ASSETCATALOG_COMPILER_GENERATE_SWIFT_ASSET_SYMBOL_EXTENSIONS = YES;
				CLANG_ANALYZER_NONNULL = YES;
				CLANG_ANALYZER_NUMBER_OBJECT_CONVERSION = YES_AGGRESSIVE;
				CLANG_CXX_LANGUAGE_STANDARD = "gnu++20";
				CLANG_ENABLE_MODULES = YES;
				CLANG_ENABLE_OBJC_ARC = YES;
				CLANG_ENABLE_OBJC_WEAK = YES;
				CLANG_WARN_BLOCK_CAPTURE_AUTORELEASING = YES;
				CLANG_WARN_BOOL_CONVERSION = YES;
				CLANG_WARN_COMMA = YES;
				CLANG_WARN_CONSTANT_CONVERSION = YES;
				CLANG_WARN_DEPRECATED_OBJC_IMPLEMENTATIONS = YES;
				CLANG_WARN_DIRECT_OBJC_ISA_USAGE = YES_ERROR;
				CLANG_WARN_DOCUMENTATION_COMMENTS = YES;
				CLANG_WARN_EMPTY_BODY = YES;
				CLANG_WARN_ENUM_CONVERSION = YES;
				CLANG_WARN_INFINITE_RECURSION = YES;
				CLANG_WARN_INT_CONVERSION = YES;
				CLANG_WARN_NON_LITERAL_NULL_CONVERSION = YES;
				CLANG_WARN_OBJC_IMPLICIT_RETAIN_SELF = YES;
				CLANG_WARN_OBJC_LITERAL_CONVERSION = YES;
				CLANG_WARN_OBJC_ROOT_CLASS = YES_ERROR;
				CLANG_WARN_QUOTED_INCLUDE_IN_FRAMEWORK_HEADER = YES;
				CLANG_WARN_RANGE_LOOP_ANALYSIS = YES;
				CLANG_WARN_STRICT_PROTOTYPES = YES;
				CLANG_WARN_SUSPICIOUS_MOVE = YES;
				CLANG_WARN_UNGUARDED_AVAILABILITY = YES_AGGRESSIVE;
				CLANG_WARN_UNREACHABLE_CODE = YES;
				CLANG_WARN__DUPLICATE_METHOD_MATCH = YES;
				COPY_PHASE_STRIP = NO;
				DEBUG_INFORMATION_FORMAT = "dwarf-with-dsym";
				ENABLE_NS_ASSERTIONS = NO;
				ENABLE_STRICT_OBJC_MSGSEND = YES;
				ENABLE_USER_SCRIPT_SANDBOXING = YES;
				GCC_C_LANGUAGE_STANDARD = gnu17;
				GCC_NO_COMMON_BLOCKS = YES;
				GCC_WARN_64_TO_32_BIT_CONVERSION = YES;
				GCC_WARN_ABOUT_RETURN_TYPE = YES_ERROR;
				GCC_WARN_UNDECLARED_SELECTOR = YES;
				GCC_WARN_UNINITIALIZED_AUTOS = YES_AGGRESSIVE;
				GCC_WARN_UNUSED_FUNCTION = YES;
				GCC_WARN_UNUSED_VARIABLE = YES;
				IPHONEOS_DEPLOYMENT_TARGET = 17.2;
				LOCALIZATION_PREFERS_STRING_CATALOGS = YES;
				MTL_ENABLE_DEBUG_INFO = NO;
				MTL_FAST_MATH = YES;
				SDKROOT = iphoneos;
				SWIFT_COMPILATION_MODE = wholemodule;
				VALIDATE_PRODUCT = YES;
			};
			name = Release;
		};
		014707812C4120E7008443AD /* Debug */ = {
			isa = XCBuildConfiguration;
			buildSettings = {
				ALWAYS_EMBED_SWIFT_STANDARD_LIBRARIES = YES;
				ASSETCATALOG_COMPILER_APPICON_NAME = AppIcon;
				ASSETCATALOG_COMPILER_GLOBAL_ACCENT_COLOR_NAME = AccentColor;
				CODE_SIGN_STYLE = Automatic;
				CURRENT_PROJECT_VERSION = 1;
				DEVELOPMENT_ASSET_PATHS = "\"Arti-v2/Preview Content\"";
				DEVELOPMENT_TEAM = R5743U27B6;
				ENABLE_PREVIEWS = YES;
				GENERATE_INFOPLIST_FILE = YES;
				INFOPLIST_FILE = "Arti-v2/Info.plist";
				INFOPLIST_KEY_NSMicrophoneUsageDescription = "Microphone is Used to detect speaking sound";
				INFOPLIST_KEY_NSSpeechRecognitionUsageDescription = "Speech recognition is used for translation";
				INFOPLIST_KEY_UIApplicationSceneManifest_Generation = YES;
				INFOPLIST_KEY_UIApplicationSupportsIndirectInputEvents = YES;
				INFOPLIST_KEY_UILaunchScreen_Generation = YES;
				INFOPLIST_KEY_UISupportedInterfaceOrientations_iPad = "UIInterfaceOrientationPortrait UIInterfaceOrientationPortraitUpsideDown UIInterfaceOrientationLandscapeLeft UIInterfaceOrientationLandscapeRight";
				INFOPLIST_KEY_UISupportedInterfaceOrientations_iPhone = "UIInterfaceOrientationPortrait UIInterfaceOrientationLandscapeLeft UIInterfaceOrientationLandscapeRight";
				LD_RUNPATH_SEARCH_PATHS = (
					"$(inherited)",
					"@executable_path/Frameworks",
				);
				MARKETING_VERSION = 1.0;
				PRODUCT_BUNDLE_IDENTIFIER = "com.hilmyveradin.Arti-v2";
				PRODUCT_NAME = "$(TARGET_NAME)";
				SWIFT_EMIT_LOC_STRINGS = YES;
				SWIFT_VERSION = 5.0;
				TARGETED_DEVICE_FAMILY = "1,2";
			};
			name = Debug;
		};
		014707822C4120E7008443AD /* Release */ = {
			isa = XCBuildConfiguration;
			buildSettings = {
				ALWAYS_EMBED_SWIFT_STANDARD_LIBRARIES = YES;
				ASSETCATALOG_COMPILER_APPICON_NAME = AppIcon;
				ASSETCATALOG_COMPILER_GLOBAL_ACCENT_COLOR_NAME = AccentColor;
				CODE_SIGN_STYLE = Automatic;
				CURRENT_PROJECT_VERSION = 1;
				DEVELOPMENT_ASSET_PATHS = "\"Arti-v2/Preview Content\"";
				DEVELOPMENT_TEAM = R5743U27B6;
				ENABLE_PREVIEWS = YES;
				GENERATE_INFOPLIST_FILE = YES;
				INFOPLIST_FILE = "Arti-v2/Info.plist";
				INFOPLIST_KEY_NSMicrophoneUsageDescription = "Microphone is Used to detect speaking sound";
				INFOPLIST_KEY_NSSpeechRecognitionUsageDescription = "Speech recognition is used for translation";
				INFOPLIST_KEY_UIApplicationSceneManifest_Generation = YES;
				INFOPLIST_KEY_UIApplicationSupportsIndirectInputEvents = YES;
				INFOPLIST_KEY_UILaunchScreen_Generation = YES;
				INFOPLIST_KEY_UISupportedInterfaceOrientations_iPad = "UIInterfaceOrientationPortrait UIInterfaceOrientationPortraitUpsideDown UIInterfaceOrientationLandscapeLeft UIInterfaceOrientationLandscapeRight";
				INFOPLIST_KEY_UISupportedInterfaceOrientations_iPhone = "UIInterfaceOrientationPortrait UIInterfaceOrientationLandscapeLeft UIInterfaceOrientationLandscapeRight";
				LD_RUNPATH_SEARCH_PATHS = (
					"$(inherited)",
					"@executable_path/Frameworks",
				);
				MARKETING_VERSION = 1.0;
				PRODUCT_BUNDLE_IDENTIFIER = "com.hilmyveradin.Arti-v2";
				PRODUCT_NAME = "$(TARGET_NAME)";
				SWIFT_EMIT_LOC_STRINGS = YES;
				SWIFT_VERSION = 5.0;
				TARGETED_DEVICE_FAMILY = "1,2";
			};
			name = Release;
		};
		014707902C4120F7008443AD /* Debug */ = {
			isa = XCBuildConfiguration;
			buildSettings = {
				CODE_SIGN_STYLE = Automatic;
				CURRENT_PROJECT_VERSION = 1;
				DEVELOPMENT_TEAM = R5743U27B6;
				GENERATE_INFOPLIST_FILE = YES;
				INFOPLIST_FILE = Keyboard/Info.plist;
				INFOPLIST_KEY_CFBundleDisplayName = Keyboard;
				INFOPLIST_KEY_NSHumanReadableCopyright = "";
				LD_RUNPATH_SEARCH_PATHS = (
					"$(inherited)",
					"@executable_path/Frameworks",
					"@executable_path/../../Frameworks",
				);
				MARKETING_VERSION = 1.0;
				PRODUCT_BUNDLE_IDENTIFIER = "com.hilmyveradin.Arti-v2.Keyboard";
				PRODUCT_NAME = "$(TARGET_NAME)";
				SKIP_INSTALL = YES;
				SWIFT_EMIT_LOC_STRINGS = YES;
				SWIFT_VERSION = 5.0;
				TARGETED_DEVICE_FAMILY = "1,2";
			};
			name = Debug;
		};
		014707912C4120F7008443AD /* Release */ = {
			isa = XCBuildConfiguration;
			buildSettings = {
				CODE_SIGN_STYLE = Automatic;
				CURRENT_PROJECT_VERSION = 1;
				DEVELOPMENT_TEAM = R5743U27B6;
				GENERATE_INFOPLIST_FILE = YES;
				INFOPLIST_FILE = Keyboard/Info.plist;
				INFOPLIST_KEY_CFBundleDisplayName = Keyboard;
				INFOPLIST_KEY_NSHumanReadableCopyright = "";
				LD_RUNPATH_SEARCH_PATHS = (
					"$(inherited)",
					"@executable_path/Frameworks",
					"@executable_path/../../Frameworks",
				);
				MARKETING_VERSION = 1.0;
				PRODUCT_BUNDLE_IDENTIFIER = "com.hilmyveradin.Arti-v2.Keyboard";
				PRODUCT_NAME = "$(TARGET_NAME)";
				SKIP_INSTALL = YES;
				SWIFT_EMIT_LOC_STRINGS = YES;
				SWIFT_VERSION = 5.0;
				TARGETED_DEVICE_FAMILY = "1,2";
			};
			name = Release;
		};
/* End XCBuildConfiguration section */

/* Begin XCConfigurationList section */
		0147076D2C4120E6008443AD /* Build configuration list for PBXProject "Arti-v2" */ = {
			isa = XCConfigurationList;
			buildConfigurations = (
				0147077E2C4120E7008443AD /* Debug */,
				0147077F2C4120E7008443AD /* Release */,
			);
			defaultConfigurationIsVisible = 0;
			defaultConfigurationName = Release;
		};
		014707802C4120E7008443AD /* Build configuration list for PBXNativeTarget "Arti-v2" */ = {
			isa = XCConfigurationList;
			buildConfigurations = (
				014707812C4120E7008443AD /* Debug */,
				014707822C4120E7008443AD /* Release */,
			);
			defaultConfigurationIsVisible = 0;
			defaultConfigurationName = Release;
		};
		0147078F2C4120F7008443AD /* Build configuration list for PBXNativeTarget "Keyboard" */ = {
			isa = XCConfigurationList;
			buildConfigurations = (
				014707902C4120F7008443AD /* Debug */,
				014707912C4120F7008443AD /* Release */,
			);
			defaultConfigurationIsVisible = 0;
			defaultConfigurationName = Release;
		};
/* End XCConfigurationList section */
	};
	rootObject = 0147076A2C4120E6008443AD /* Project object */;
}
